// !$*UTF8*$!
{
	archiveVersion = 1;
	classes = {
	};
	objectVersion = 50;
	objects = {

/* Begin PBXBuildFile section */
		018845C8207A8EB5001C5F9E /* AppDelegate.m in Sources */ = {isa = PBXBuildFile; fileRef = 018845C7207A8EB5001C5F9E /* AppDelegate.m */; };
		018845D0207A8EB6001C5F9E /* Assets.xcassets in Resources */ = {isa = PBXBuildFile; fileRef = 018845CF207A8EB6001C5F9E /* Assets.xcassets */; };
		018845D3207A8EB6001C5F9E /* LaunchScreen.storyboard in Resources */ = {isa = PBXBuildFile; fileRef = 018845D1207A8EB6001C5F9E /* LaunchScreen.storyboard */; };
		018845D6207A8EB6001C5F9E /* main.m in Sources */ = {isa = PBXBuildFile; fileRef = 018845D5207A8EB6001C5F9E /* main.m */; };
		018845E0207A8EB7001C5F9E /* AdapterPatternDemo_SimpleTests.m in Sources */ = {isa = PBXBuildFile; fileRef = 018845DF207A8EB7001C5F9E /* AdapterPatternDemo_SimpleTests.m */; };
		018845EB207A8EB7001C5F9E /* AdapterPatternDemo_SimpleUITests.m in Sources */ = {isa = PBXBuildFile; fileRef = 018845EA207A8EB7001C5F9E /* AdapterPatternDemo_SimpleUITests.m */; };
		018845FD207A8F2E001C5F9E /* DORootVC.m in Sources */ = {isa = PBXBuildFile; fileRef = 018845FC207A8F2E001C5F9E /* DORootVC.m */; };
/* End PBXBuildFile section */

/* Begin PBXContainerItemProxy section */
		018845DC207A8EB6001C5F9E /* PBXContainerItemProxy */ = {
			isa = PBXContainerItemProxy;
			containerPortal = 018845BB207A8EB5001C5F9E /* Project object */;
			proxyType = 1;
			remoteGlobalIDString = 018845C2207A8EB5001C5F9E;
			remoteInfo = "AdapterPatternDemo-Simple";
		};
		018845E7207A8EB7001C5F9E /* PBXContainerItemProxy */ = {
			isa = PBXContainerItemProxy;
			containerPortal = 018845BB207A8EB5001C5F9E /* Project object */;
			proxyType = 1;
			remoteGlobalIDString = 018845C2207A8EB5001C5F9E;
			remoteInfo = "AdapterPatternDemo-Simple";
		};
/* End PBXContainerItemProxy section */

/* Begin PBXFileReference section */
		018845C3207A8EB5001C5F9E /* AdapterPatternDemo-Simple.app */ = {isa = PBXFileReference; explicitFileType = wrapper.application; includeInIndex = 0; path = "AdapterPatternDemo-Simple.app"; sourceTree = BUILT_PRODUCTS_DIR; };
		018845C6207A8EB5001C5F9E /* AppDelegate.h */ = {isa = PBXFileReference; lastKnownFileType = sourcecode.c.h; path = AppDelegate.h; sourceTree = "<group>"; };
		018845C7207A8EB5001C5F9E /* AppDelegate.m */ = {isa = PBXFileReference; lastKnownFileType = sourcecode.c.objc; path = AppDelegate.m; sourceTree = "<group>"; };
		018845CF207A8EB6001C5F9E /* Assets.xcassets */ = {isa = PBXFileReference; lastKnownFileType = folder.assetcatalog; path = Assets.xcassets; sourceTree = "<group>"; };
		018845D2207A8EB6001C5F9E /* Base */ = {isa = PBXFileReference; lastKnownFileType = file.storyboard; name = Base; path = Base.lproj/LaunchScreen.storyboard; sourceTree = "<group>"; };
		018845D4207A8EB6001C5F9E /* Info.plist */ = {isa = PBXFileReference; lastKnownFileType = text.plist.xml; path = Info.plist; sourceTree = "<group>"; };
		018845D5207A8EB6001C5F9E /* main.m */ = {isa = PBXFileReference; lastKnownFileType = sourcecode.c.objc; path = main.m; sourceTree = "<group>"; };
		018845DB207A8EB6001C5F9E /* AdapterPatternDemo-SimpleTests.xctest */ = {isa = PBXFileReference; explicitFileType = wrapper.cfbundle; includeInIndex = 0; path = "AdapterPatternDemo-SimpleTests.xctest"; sourceTree = BUILT_PRODUCTS_DIR; };
		018845DF207A8EB7001C5F9E /* AdapterPatternDemo_SimpleTests.m */ = {isa = PBXFileReference; lastKnownFileType = sourcecode.c.objc; path = AdapterPatternDemo_SimpleTests.m; sourceTree = "<group>"; };
		018845E1207A8EB7001C5F9E /* Info.plist */ = {isa = PBXFileReference; lastKnownFileType = text.plist.xml; path = Info.plist; sourceTree = "<group>"; };
		018845E6207A8EB7001C5F9E /* AdapterPatternDemo-SimpleUITests.xctest */ = {isa = PBXFileReference; explicitFileType = wrapper.cfbundle; includeInIndex = 0; path = "AdapterPatternDemo-SimpleUITests.xctest"; sourceTree = BUILT_PRODUCTS_DIR; };
		018845EA207A8EB7001C5F9E /* AdapterPatternDemo_SimpleUITests.m */ = {isa = PBXFileReference; lastKnownFileType = sourcecode.c.objc; path = AdapterPatternDemo_SimpleUITests.m; sourceTree = "<group>"; };
		018845EC207A8EB7001C5F9E /* Info.plist */ = {isa = PBXFileReference; lastKnownFileType = text.plist.xml; path = Info.plist; sourceTree = "<group>"; };
		018845FB207A8F2E001C5F9E /* DORootVC.h */ = {isa = PBXFileReference; lastKnownFileType = sourcecode.c.h; path = DORootVC.h; sourceTree = "<group>"; };
		018845FC207A8F2E001C5F9E /* DORootVC.m */ = {isa = PBXFileReference; lastKnownFileType = sourcecode.c.objc; path = DORootVC.m; sourceTree = "<group>"; };
/* End PBXFileReference section */

/* Begin PBXFrameworksBuildPhase section */
		018845C0207A8EB5001C5F9E /* Frameworks */ = {
			isa = PBXFrameworksBuildPhase;
			buildActionMask = 2147483647;
			files = (
			);
			runOnlyForDeploymentPostprocessing = 0;
		};
		018845D8207A8EB6001C5F9E /* Frameworks */ = {
			isa = PBXFrameworksBuildPhase;
			buildActionMask = 2147483647;
			files = (
			);
			runOnlyForDeploymentPostprocessing = 0;
		};
		018845E3207A8EB7001C5F9E /* Frameworks */ = {
			isa = PBXFrameworksBuildPhase;
			buildActionMask = 2147483647;
			files = (
			);
			runOnlyForDeploymentPostprocessing = 0;
		};
/* End PBXFrameworksBuildPhase section */

/* Begin PBXGroup section */
		018845BA207A8EB5001C5F9E = {
			isa = PBXGroup;
			children = (
				018845C5207A8EB5001C5F9E /* AdapterPatternDemo-Simple */,
				018845DE207A8EB7001C5F9E /* AdapterPatternDemo-SimpleTests */,
				018845E9207A8EB7001C5F9E /* AdapterPatternDemo-SimpleUITests */,
				018845C4207A8EB5001C5F9E /* Products */,
			);
			sourceTree = "<group>";
		};
		018845C4207A8EB5001C5F9E /* Products */ = {
			isa = PBXGroup;
			children = (
				018845C3207A8EB5001C5F9E /* AdapterPatternDemo-Simple.app */,
				018845DB207A8EB6001C5F9E /* AdapterPatternDemo-SimpleTests.xctest */,
				018845E6207A8EB7001C5F9E /* AdapterPatternDemo-SimpleUITests.xctest */,
			);
			name = Products;
			sourceTree = "<group>";
		};
		018845C5207A8EB5001C5F9E /* AdapterPatternDemo-Simple */ = {
			isa = PBXGroup;
			children = (
				018845FA207A8F05001C5F9E /* Controller */,
				018845F9207A8EF7001C5F9E /* Bases */,
				018845F8207A8EE5001C5F9E /* Resources */,
			);
			path = "AdapterPatternDemo-Simple";
			sourceTree = "<group>";
		};
		018845DE207A8EB7001C5F9E /* AdapterPatternDemo-SimpleTests */ = {
			isa = PBXGroup;
			children = (
				018845DF207A8EB7001C5F9E /* AdapterPatternDemo_SimpleTests.m */,
				018845E1207A8EB7001C5F9E /* Info.plist */,
			);
			path = "AdapterPatternDemo-SimpleTests";
			sourceTree = "<group>";
		};
		018845E9207A8EB7001C5F9E /* AdapterPatternDemo-SimpleUITests */ = {
			isa = PBXGroup;
			children = (
				018845EA207A8EB7001C5F9E /* AdapterPatternDemo_SimpleUITests.m */,
				018845EC207A8EB7001C5F9E /* Info.plist */,
			);
			path = "AdapterPatternDemo-SimpleUITests";
			sourceTree = "<group>";
		};
		018845F8207A8EE5001C5F9E /* Resources */ = {
			isa = PBXGroup;
			children = (
				018845CF207A8EB6001C5F9E /* Assets.xcassets */,
				018845D1207A8EB6001C5F9E /* LaunchScreen.storyboard */,
				018845D4207A8EB6001C5F9E /* Info.plist */,
				018845D5207A8EB6001C5F9E /* main.m */,
			);
			path = Resources;
			sourceTree = "<group>";
		};
		018845F9207A8EF7001C5F9E /* Bases */ = {
			isa = PBXGroup;
			children = (
				018845C6207A8EB5001C5F9E /* AppDelegate.h */,
				018845C7207A8EB5001C5F9E /* AppDelegate.m */,
			);
			path = Bases;
			sourceTree = "<group>";
		};
		018845FA207A8F05001C5F9E /* Controller */ = {
			isa = PBXGroup;
			children = (
				018845FB207A8F2E001C5F9E /* DORootVC.h */,
				018845FC207A8F2E001C5F9E /* DORootVC.m */,
			);
			path = Controller;
			sourceTree = "<group>";
		};
/* End PBXGroup section */

/* Begin PBXNativeTarget section */
		018845C2207A8EB5001C5F9E /* AdapterPatternDemo-Simple */ = {
			isa = PBXNativeTarget;
			buildConfigurationList = 018845EF207A8EB7001C5F9E /* Build configuration list for PBXNativeTarget "AdapterPatternDemo-Simple" */;
			buildPhases = (
				018845BF207A8EB5001C5F9E /* Sources */,
				018845C0207A8EB5001C5F9E /* Frameworks */,
				018845C1207A8EB5001C5F9E /* Resources */,
			);
			buildRules = (
			);
			dependencies = (
			);
			name = "AdapterPatternDemo-Simple";
			productName = "AdapterPatternDemo-Simple";
			productReference = 018845C3207A8EB5001C5F9E /* AdapterPatternDemo-Simple.app */;
			productType = "com.apple.product-type.application";
		};
		018845DA207A8EB6001C5F9E /* AdapterPatternDemo-SimpleTests */ = {
			isa = PBXNativeTarget;
			buildConfigurationList = 018845F2207A8EB7001C5F9E /* Build configuration list for PBXNativeTarget "AdapterPatternDemo-SimpleTests" */;
			buildPhases = (
				018845D7207A8EB6001C5F9E /* Sources */,
				018845D8207A8EB6001C5F9E /* Frameworks */,
				018845D9207A8EB6001C5F9E /* Resources */,
			);
			buildRules = (
			);
			dependencies = (
				018845DD207A8EB6001C5F9E /* PBXTargetDependency */,
			);
			name = "AdapterPatternDemo-SimpleTests";
			productName = "AdapterPatternDemo-SimpleTests";
			productReference = 018845DB207A8EB6001C5F9E /* AdapterPatternDemo-SimpleTests.xctest */;
			productType = "com.apple.product-type.bundle.unit-test";
		};
		018845E5207A8EB7001C5F9E /* AdapterPatternDemo-SimpleUITests */ = {
			isa = PBXNativeTarget;
			buildConfigurationList = 018845F5207A8EB7001C5F9E /* Build configuration list for PBXNativeTarget "AdapterPatternDemo-SimpleUITests" */;
			buildPhases = (
				018845E2207A8EB7001C5F9E /* Sources */,
				018845E3207A8EB7001C5F9E /* Frameworks */,
				018845E4207A8EB7001C5F9E /* Resources */,
			);
			buildRules = (
			);
			dependencies = (
				018845E8207A8EB7001C5F9E /* PBXTargetDependency */,
			);
			name = "AdapterPatternDemo-SimpleUITests";
			productName = "AdapterPatternDemo-SimpleUITests";
			productReference = 018845E6207A8EB7001C5F9E /* AdapterPatternDemo-SimpleUITests.xctest */;
			productType = "com.apple.product-type.bundle.ui-testing";
		};
/* End PBXNativeTarget section */

/* Begin PBXProject section */
		018845BB207A8EB5001C5F9E /* Project object */ = {
			isa = PBXProject;
			attributes = {
				LastUpgradeCheck = 0930;
				ORGANIZATIONNAME = Dino;
				TargetAttributes = {
					018845C2207A8EB5001C5F9E = {
						CreatedOnToolsVersion = 9.3;
					};
					018845DA207A8EB6001C5F9E = {
						CreatedOnToolsVersion = 9.3;
						TestTargetID = 018845C2207A8EB5001C5F9E;
					};
					018845E5207A8EB7001C5F9E = {
						CreatedOnToolsVersion = 9.3;
						TestTargetID = 018845C2207A8EB5001C5F9E;
					};
				};
			};
			buildConfigurationList = 018845BE207A8EB5001C5F9E /* Build configuration list for PBXProject "AdapterPatternDemo-Simple" */;
			compatibilityVersion = "Xcode 9.3";
			developmentRegion = en;
			hasScannedForEncodings = 0;
			knownRegions = (
				en,
				Base,
			);
			mainGroup = 018845BA207A8EB5001C5F9E;
			productRefGroup = 018845C4207A8EB5001C5F9E /* Products */;
			projectDirPath = "";
			projectRoot = "";
			targets = (
				018845C2207A8EB5001C5F9E /* AdapterPatternDemo-Simple */,
				018845DA207A8EB6001C5F9E /* AdapterPatternDemo-SimpleTests */,
				018845E5207A8EB7001C5F9E /* AdapterPatternDemo-SimpleUITests */,
			);
		};
/* End PBXProject section */

/* Begin PBXResourcesBuildPhase section */
		018845C1207A8EB5001C5F9E /* Resources */ = {
			isa = PBXResourcesBuildPhase;
			buildActionMask = 2147483647;
			files = (
				018845D3207A8EB6001C5F9E /* LaunchScreen.storyboard in Resources */,
				018845D0207A8EB6001C5F9E /* Assets.xcassets in Resources */,
			);
			runOnlyForDeploymentPostprocessing = 0;
		};
		018845D9207A8EB6001C5F9E /* Resources */ = {
			isa = PBXResourcesBuildPhase;
			buildActionMask = 2147483647;
			files = (
			);
			runOnlyForDeploymentPostprocessing = 0;
		};
		018845E4207A8EB7001C5F9E /* Resources */ = {
			isa = PBXResourcesBuildPhase;
			buildActionMask = 2147483647;
			files = (
			);
			runOnlyForDeploymentPostprocessing = 0;
		};
/* End PBXResourcesBuildPhase section */

/* Begin PBXSourcesBuildPhase section */
		018845BF207A8EB5001C5F9E /* Sources */ = {
			isa = PBXSourcesBuildPhase;
			buildActionMask = 2147483647;
			files = (
				018845FD207A8F2E001C5F9E /* DORootVC.m in Sources */,
				018845D6207A8EB6001C5F9E /* main.m in Sources */,
				018845C8207A8EB5001C5F9E /* AppDelegate.m in Sources */,
			);
			runOnlyForDeploymentPostprocessing = 0;
		};
		018845D7207A8EB6001C5F9E /* Sources */ = {
			isa = PBXSourcesBuildPhase;
			buildActionMask = 2147483647;
			files = (
				018845E0207A8EB7001C5F9E /* AdapterPatternDemo_SimpleTests.m in Sources */,
			);
			runOnlyForDeploymentPostprocessing = 0;
		};
		018845E2207A8EB7001C5F9E /* Sources */ = {
			isa = PBXSourcesBuildPhase;
			buildActionMask = 2147483647;
			files = (
				018845EB207A8EB7001C5F9E /* AdapterPatternDemo_SimpleUITests.m in Sources */,
			);
			runOnlyForDeploymentPostprocessing = 0;
		};
/* End PBXSourcesBuildPhase section */

/* Begin PBXTargetDependency section */
		018845DD207A8EB6001C5F9E /* PBXTargetDependency */ = {
			isa = PBXTargetDependency;
			target = 018845C2207A8EB5001C5F9E /* AdapterPatternDemo-Simple */;
			targetProxy = 018845DC207A8EB6001C5F9E /* PBXContainerItemProxy */;
		};
		018845E8207A8EB7001C5F9E /* PBXTargetDependency */ = {
			isa = PBXTargetDependency;
			target = 018845C2207A8EB5001C5F9E /* AdapterPatternDemo-Simple */;
			targetProxy = 018845E7207A8EB7001C5F9E /* PBXContainerItemProxy */;
		};
/* End PBXTargetDependency section */

/* Begin PBXVariantGroup section */
		018845D1207A8EB6001C5F9E /* LaunchScreen.storyboard */ = {
			isa = PBXVariantGroup;
			children = (
				018845D2207A8EB6001C5F9E /* Base */,
			);
			name = LaunchScreen.storyboard;
			sourceTree = "<group>";
		};
/* End PBXVariantGroup section */

/* Begin XCBuildConfiguration section */
		018845ED207A8EB7001C5F9E /* Debug */ = {
			isa = XCBuildConfiguration;
			buildSettings = {
				ALWAYS_SEARCH_USER_PATHS = NO;
				CLANG_ANALYZER_NONNULL = YES;
				CLANG_ANALYZER_NUMBER_OBJECT_CONVERSION = YES_AGGRESSIVE;
				CLANG_CXX_LANGUAGE_STANDARD = "gnu++14";
				CLANG_CXX_LIBRARY = "libc++";
				CLANG_ENABLE_MODULES = YES;
				CLANG_ENABLE_OBJC_ARC = YES;
				CLANG_ENABLE_OBJC_WEAK = YES;
				CLANG_WARN_BLOCK_CAPTURE_AUTORELEASING = YES;
				CLANG_WARN_BOOL_CONVERSION = YES;
				CLANG_WARN_COMMA = YES;
				CLANG_WARN_CONSTANT_CONVERSION = YES;
				CLANG_WARN_DEPRECATED_OBJC_IMPLEMENTATIONS = YES;
				CLANG_WARN_DIRECT_OBJC_ISA_USAGE = YES_ERROR;
				CLANG_WARN_DOCUMENTATION_COMMENTS = YES;
				CLANG_WARN_EMPTY_BODY = YES;
				CLANG_WARN_ENUM_CONVERSION = YES;
				CLANG_WARN_INFINITE_RECURSION = YES;
				CLANG_WARN_INT_CONVERSION = YES;
				CLANG_WARN_NON_LITERAL_NULL_CONVERSION = YES;
				CLANG_WARN_OBJC_IMPLICIT_RETAIN_SELF = YES;
				CLANG_WARN_OBJC_LITERAL_CONVERSION = YES;
				CLANG_WARN_OBJC_ROOT_CLASS = YES_ERROR;
				CLANG_WARN_RANGE_LOOP_ANALYSIS = YES;
				CLANG_WARN_STRICT_PROTOTYPES = YES;
				CLANG_WARN_SUSPICIOUS_MOVE = YES;
				CLANG_WARN_UNGUARDED_AVAILABILITY = YES_AGGRESSIVE;
				CLANG_WARN_UNREACHABLE_CODE = YES;
				CLANG_WARN__DUPLICATE_METHOD_MATCH = YES;
				CODE_SIGN_IDENTITY = "iPhone Developer";
				COPY_PHASE_STRIP = NO;
				DEBUG_INFORMATION_FORMAT = dwarf;
				ENABLE_STRICT_OBJC_MSGSEND = YES;
				ENABLE_TESTABILITY = YES;
				GCC_C_LANGUAGE_STANDARD = gnu11;
				GCC_DYNAMIC_NO_PIC = NO;
				GCC_NO_COMMON_BLOCKS = YES;
				GCC_OPTIMIZATION_LEVEL = 0;
				GCC_PREPROCESSOR_DEFINITIONS = (
					"DEBUG=1",
					"$(inherited)",
				);
				GCC_WARN_64_TO_32_BIT_CONVERSION = YES;
				GCC_WARN_ABOUT_RETURN_TYPE = YES_ERROR;
				GCC_WARN_UNDECLARED_SELECTOR = YES;
				GCC_WARN_UNINITIALIZED_AUTOS = YES_AGGRESSIVE;
				GCC_WARN_UNUSED_FUNCTION = YES;
				GCC_WARN_UNUSED_VARIABLE = YES;
				IPHONEOS_DEPLOYMENT_TARGET = 11.3;
				MTL_ENABLE_DEBUG_INFO = YES;
				ONLY_ACTIVE_ARCH = YES;
				SDKROOT = iphoneos;
			};
			name = Debug;
		};
		018845EE207A8EB7001C5F9E /* Release */ = {
			isa = XCBuildConfiguration;
			buildSettings = {
				ALWAYS_SEARCH_USER_PATHS = NO;
				CLANG_ANALYZER_NONNULL = YES;
				CLANG_ANALYZER_NUMBER_OBJECT_CONVERSION = YES_AGGRESSIVE;
				CLANG_CXX_LANGUAGE_STANDARD = "gnu++14";
				CLANG_CXX_LIBRARY = "libc++";
				CLANG_ENABLE_MODULES = YES;
				CLANG_ENABLE_OBJC_ARC = YES;
				CLANG_ENABLE_OBJC_WEAK = YES;
				CLANG_WARN_BLOCK_CAPTURE_AUTORELEASING = YES;
				CLANG_WARN_BOOL_CONVERSION = YES;
				CLANG_WARN_COMMA = YES;
				CLANG_WARN_CONSTANT_CONVERSION = YES;
				CLANG_WARN_DEPRECATED_OBJC_IMPLEMENTATIONS = YES;
				CLANG_WARN_DIRECT_OBJC_ISA_USAGE = YES_ERROR;
				CLANG_WARN_DOCUMENTATION_COMMENTS = YES;
				CLANG_WARN_EMPTY_BODY = YES;
				CLANG_WARN_ENUM_CONVERSION = YES;
				CLANG_WARN_INFINITE_RECURSION = YES;
				CLANG_WARN_INT_CONVERSION = YES;
				CLANG_WARN_NON_LITERAL_NULL_CONVERSION = YES;
				CLANG_WARN_OBJC_IMPLICIT_RETAIN_SELF = YES;
				CLANG_WARN_OBJC_LITERAL_CONVERSION = YES;
				CLANG_WARN_OBJC_ROOT_CLASS = YES_ERROR;
				CLANG_WARN_RANGE_LOOP_ANALYSIS = YES;
				CLANG_WARN_STRICT_PROTOTYPES = YES;
				CLANG_WARN_SUSPICIOUS_MOVE = YES;
				CLANG_WARN_UNGUARDED_AVAILABILITY = YES_AGGRESSIVE;
				CLANG_WARN_UNREACHABLE_CODE = YES;
				CLANG_WARN__DUPLICATE_METHOD_MATCH = YES;
				CODE_SIGN_IDENTITY = "iPhone Developer";
				COPY_PHASE_STRIP = NO;
				DEBUG_INFORMATION_FORMAT = "dwarf-with-dsym";
				ENABLE_NS_ASSERTIONS = NO;
				ENABLE_STRICT_OBJC_MSGSEND = YES;
				GCC_C_LANGUAGE_STANDARD = gnu11;
				GCC_NO_COMMON_BLOCKS = YES;
				GCC_WARN_64_TO_32_BIT_CONVERSION = YES;
				GCC_WARN_ABOUT_RETURN_TYPE = YES_ERROR;
				GCC_WARN_UNDECLARED_SELECTOR = YES;
				GCC_WARN_UNINITIALIZED_AUTOS = YES_AGGRESSIVE;
				GCC_WARN_UNUSED_FUNCTION = YES;
				GCC_WARN_UNUSED_VARIABLE = YES;
				IPHONEOS_DEPLOYMENT_TARGET = 11.3;
				MTL_ENABLE_DEBUG_INFO = NO;
				SDKROOT = iphoneos;
				VALIDATE_PRODUCT = YES;
			};
			name = Release;
		};
		018845F0207A8EB7001C5F9E /* Debug */ = {
			isa = XCBuildConfiguration;
			buildSettings = {
				ASSETCATALOG_COMPILER_APPICON_NAME = AppIcon;
				CODE_SIGN_STYLE = Automatic;
				INFOPLIST_FILE = "$(SRCROOT)/AdapterPatternDemo-Simple/Resources/Info.plist";
				LD_RUNPATH_SEARCH_PATHS = (
					"$(inherited)",
					"@executable_path/Frameworks",
				);
				PRODUCT_BUNDLE_IDENTIFIER = "com.Dino.AdapterPatternDemo-Simple";
				PRODUCT_NAME = "$(TARGET_NAME)";
				TARGETED_DEVICE_FAMILY = "1,2";
			};
			name = Debug;
		};
		018845F1207A8EB7001C5F9E /* Release */ = {
			isa = XCBuildConfiguration;
			buildSettings = {
				ASSETCATALOG_COMPILER_APPICON_NAME = AppIcon;
				CODE_SIGN_STYLE = Automatic;
				INFOPLIST_FILE = "$(SRCROOT)/AdapterPatternDemo-Simple/Resources/Info.plist";
				LD_RUNPATH_SEARCH_PATHS = (
					"$(inherited)",
					"@executable_path/Frameworks",
				);
				PRODUCT_BUNDLE_IDENTIFIER = "com.Dino.AdapterPatternDemo-Simple";
				PRODUCT_NAME = "$(TARGET_NAME)";
				TARGETED_DEVICE_FAMILY = "1,2";
			};
			name = Release;
		};
		018845F3207A8EB7001C5F9E /* Debug */ = {
			isa = XCBuildConfiguration;
			buildSettings = {
				BUNDLE_LOADER = "$(TEST_HOST)";
				CODE_SIGN_STYLE = Automatic;
				INFOPLIST_FILE = "AdapterPatternDemo-SimpleTests/Info.plist";
				LD_RUNPATH_SEARCH_PATHS = (
					"$(inherited)",
					"@executable_path/Frameworks",
					"@loader_path/Frameworks",
				);
				PRODUCT_BUNDLE_IDENTIFIER = "com.Dino.AdapterPatternDemo-SimpleTests";
				PRODUCT_NAME = "$(TARGET_NAME)";
				TARGETED_DEVICE_FAMILY = "1,2";
				TEST_HOST = "$(BUILT_PRODUCTS_DIR)/AdapterPatternDemo-Simple.app/AdapterPatternDemo-Simple";
			};
			name = Debug;
		};
		018845F4207A8EB7001C5F9E /* Release */ = {
			isa = XCBuildConfiguration;
			buildSettings = {
				BUNDLE_LOADER = "$(TEST_HOST)";
				CODE_SIGN_STYLE = Automatic;
				INFOPLIST_FILE = "AdapterPatternDemo-SimpleTests/Info.plist";
				LD_RUNPATH_SEARCH_PATHS = (
					"$(inherited)",
					"@executable_path/Frameworks",
					"@loader_path/Frameworks",
				);
				PRODUCT_BUNDLE_IDENTIFIER = "com.Dino.AdapterPatternDemo-SimpleTests";
				PRODUCT_NAME = "$(TARGET_NAME)";
				TARGETED_DEVICE_FAMILY = "1,2";
				TEST_HOST = "$(BUILT_PRODUCTS_DIR)/AdapterPatternDemo-Simple.app/AdapterPatternDemo-Simple";
			};
			name = Release;
		};
		018845F6207A8EB7001C5F9E /* Debug */ = {
			isa = XCBuildConfiguration;
			buildSettings = {
				CODE_SIGN_STYLE = Automatic;
				INFOPLIST_FILE = "AdapterPatternDemo-SimpleUITests/Info.plist";
				LD_RUNPATH_SEARCH_PATHS = (
					"$(inherited)",
					"@executable_path/Frameworks",
					"@loader_path/Frameworks",
				);
				PRODUCT_BUNDLE_IDENTIFIER = "com.Dino.AdapterPatternDemo-SimpleUITests";
				PRODUCT_NAME = "$(TARGET_NAME)";
				TARGETED_DEVICE_FAMILY = "1,2";
				TEST_TARGET_NAME = "AdapterPatternDemo-Simple";
			};
			name = Debug;
		};
		018845F7207A8EB7001C5F9E /* Release */ = {
			isa = XCBuildConfiguration;
			buildSettings = {
				CODE_SIGN_STYLE = Automatic;
				INFOPLIST_FILE = "AdapterPatternDemo-SimpleUITests/Info.plist";
				LD_RUNPATH_SEARCH_PATHS = (
					"$(inherited)",
					"@executable_path/Frameworks",
					"@loader_path/Frameworks",
				);
				PRODUCT_BUNDLE_IDENTIFIER = "com.Dino.AdapterPatternDemo-SimpleUITests";
				PRODUCT_NAME = "$(TARGET_NAME)";
				TARGETED_DEVICE_FAMILY = "1,2";
				TEST_TARGET_NAME = "AdapterPatternDemo-Simple";
			};
			name = Release;
		};
/* End XCBuildConfiguration section */

/* Begin XCConfigurationList section */
		018845BE207A8EB5001C5F9E /* Build configuration list for PBXProject "AdapterPatternDemo-Simple" */ = {
			isa = XCConfigurationList;
			buildConfigurations = (
				018845ED207A8EB7001C5F9E /* Debug */,
				018845EE207A8EB7001C5F9E /* Release */,
			);
			defaultConfigurationIsVisible = 0;
			defaultConfigurationName = Release;
		};
		018845EF207A8EB7001C5F9E /* Build configuration list for PBXNativeTarget "AdapterPatternDemo-Simple" */ = {
			isa = XCConfigurationList;
			buildConfigurations = (
				018845F0207A8EB7001C5F9E /* Debug */,
				018845F1207A8EB7001C5F9E /* Release */,
			);
			defaultConfigurationIsVisible = 0;
			defaultConfigurationName = Release;
		};
		018845F2207A8EB7001C5F9E /* Build configuration list for PBXNativeTarget "AdapterPatternDemo-SimpleTests" */ = {
			isa = XCConfigurationList;
			buildConfigurations = (
				018845F3207A8EB7001C5F9E /* Debug */,
				018845F4207A8EB7001C5F9E /* Release */,
			);
			defaultConfigurationIsVisible = 0;
			defaultConfigurationName = Release;
		};
		018845F5207A8EB7001C5F9E /* Build configuration list for PBXNativeTarget "AdapterPatternDemo-SimpleUITests" */ = {
			isa = XCConfigurationList;
			buildConfigurations = (
				018845F6207A8EB7001C5F9E /* Debug */,
				018845F7207A8EB7001C5F9E /* Release */,
			);
			defaultConfigurationIsVisible = 0;
			defaultConfigurationName = Release;
		};
/* End XCConfigurationList section */
	};
	rootObject = 018845BB207A8EB5001C5F9E /* Project object */;
}
