// !$*UTF8*$!
{
	archiveVersion = 1;
	classes = {
	};
	objectVersion = 50;
	objects = {

/* Begin PBXBuildFile section */
		0157A08B207B7BAC00AF9032 /* AppDelegate.m in Sources */ = {isa = PBXBuildFile; fileRef = 0157A08A207B7BAC00AF9032 /* AppDelegate.m */; };
		0157A093207B7BAE00AF9032 /* Assets.xcassets in Resources */ = {isa = PBXBuildFile; fileRef = 0157A092207B7BAE00AF9032 /* Assets.xcassets */; };
		0157A096207B7BAE00AF9032 /* LaunchScreen.storyboard in Resources */ = {isa = PBXBuildFile; fileRef = 0157A094207B7BAE00AF9032 /* LaunchScreen.storyboard */; };
		0157A099207B7BAE00AF9032 /* main.m in Sources */ = {isa = PBXBuildFile; fileRef = 0157A098207B7BAE00AF9032 /* main.m */; };
		0157A0A3207B7BAE00AF9032 /* AdapterPatternDemo_SimpleTests.m in Sources */ = {isa = PBXBuildFile; fileRef = 0157A0A2207B7BAE00AF9032 /* AdapterPatternDemo_SimpleTests.m */; };
		0157A0AE207B7BAE00AF9032 /* AdapterPatternDemo_SimpleUITests.m in Sources */ = {isa = PBXBuildFile; fileRef = 0157A0AD207B7BAE00AF9032 /* AdapterPatternDemo_SimpleUITests.m */; };
		0157A0BE207B7C7300AF9032 /* DORootVC.m in Sources */ = {isa = PBXBuildFile; fileRef = 0157A0BD207B7C7300AF9032 /* DORootVC.m */; };
		0188460C207A903B001C5F9E /* AppDelegate.m in Sources */ = {isa = PBXBuildFile; fileRef = 0188460B207A903B001C5F9E /* AppDelegate.m */; };
		01884614207A903C001C5F9E /* Assets.xcassets in Resources */ = {isa = PBXBuildFile; fileRef = 01884613207A903C001C5F9E /* Assets.xcassets */; };
		01884617207A903C001C5F9E /* LaunchScreen.storyboard in Resources */ = {isa = PBXBuildFile; fileRef = 01884615207A903C001C5F9E /* LaunchScreen.storyboard */; };
		0188461A207A903C001C5F9E /* main.m in Sources */ = {isa = PBXBuildFile; fileRef = 01884619207A903C001C5F9E /* main.m */; };
		01884624207A903C001C5F9E /* AdapterPatternDemoTests.m in Sources */ = {isa = PBXBuildFile; fileRef = 01884623207A903C001C5F9E /* AdapterPatternDemoTests.m */; };
		0188462F207A903C001C5F9E /* AdapterPatternDemoUITests.m in Sources */ = {isa = PBXBuildFile; fileRef = 0188462E207A903C001C5F9E /* AdapterPatternDemoUITests.m */; };
		01884641207A9086001C5F9E /* DORootVC.m in Sources */ = {isa = PBXBuildFile; fileRef = 01884640207A9086001C5F9E /* DORootVC.m */; };
		018F9EC7207CF2430059F450 /* AdapterUSD.m in Sources */ = {isa = PBXBuildFile; fileRef = 018F9EC6207CF2430059F450 /* AdapterUSD.m */; };
		018F9ECA207CF2800059F450 /* AdapterCNY.m in Sources */ = {isa = PBXBuildFile; fileRef = 018F9EC9207CF2800059F450 /* AdapterCNY.m */; };
		018F9ECF207CF3A80059F450 /* ObjectAdapter.m in Sources */ = {isa = PBXBuildFile; fileRef = 018F9ECE207CF3A80059F450 /* ObjectAdapter.m */; };
/* End PBXBuildFile section */

/* Begin PBXContainerItemProxy section */
		0157A09F207B7BAE00AF9032 /* PBXContainerItemProxy */ = {
			isa = PBXContainerItemProxy;
			containerPortal = 018845FF207A903B001C5F9E /* Project object */;
			proxyType = 1;
			remoteGlobalIDString = 0157A086207B7BAC00AF9032;
			remoteInfo = "AdapterPatternDemo-Simple";
		};
		0157A0AA207B7BAE00AF9032 /* PBXContainerItemProxy */ = {
			isa = PBXContainerItemProxy;
			containerPortal = 018845FF207A903B001C5F9E /* Project object */;
			proxyType = 1;
			remoteGlobalIDString = 0157A086207B7BAC00AF9032;
			remoteInfo = "AdapterPatternDemo-Simple";
		};
		01884620207A903C001C5F9E /* PBXContainerItemProxy */ = {
			isa = PBXContainerItemProxy;
			containerPortal = 018845FF207A903B001C5F9E /* Project object */;
			proxyType = 1;
			remoteGlobalIDString = 01884606207A903B001C5F9E;
			remoteInfo = AdapterPatternDemo;
		};
		0188462B207A903C001C5F9E /* PBXContainerItemProxy */ = {
			isa = PBXContainerItemProxy;
			containerPortal = 018845FF207A903B001C5F9E /* Project object */;
			proxyType = 1;
			remoteGlobalIDString = 01884606207A903B001C5F9E;
			remoteInfo = AdapterPatternDemo;
		};
/* End PBXContainerItemProxy section */

/* Begin PBXFileReference section */
		0157A087207B7BAC00AF9032 /* AdapterPatternDemo-Simple.app */ = {isa = PBXFileReference; explicitFileType = wrapper.application; includeInIndex = 0; path = "AdapterPatternDemo-Simple.app"; sourceTree = BUILT_PRODUCTS_DIR; };
		0157A089207B7BAC00AF9032 /* AppDelegate.h */ = {isa = PBXFileReference; lastKnownFileType = sourcecode.c.h; path = AppDelegate.h; sourceTree = "<group>"; };
		0157A08A207B7BAC00AF9032 /* AppDelegate.m */ = {isa = PBXFileReference; lastKnownFileType = sourcecode.c.objc; path = AppDelegate.m; sourceTree = "<group>"; };
		0157A092207B7BAE00AF9032 /* Assets.xcassets */ = {isa = PBXFileReference; lastKnownFileType = folder.assetcatalog; path = Assets.xcassets; sourceTree = "<group>"; };
		0157A095207B7BAE00AF9032 /* Base */ = {isa = PBXFileReference; lastKnownFileType = file.storyboard; name = Base; path = Base.lproj/LaunchScreen.storyboard; sourceTree = "<group>"; };
		0157A097207B7BAE00AF9032 /* Info.plist */ = {isa = PBXFileReference; lastKnownFileType = text.plist.xml; path = Info.plist; sourceTree = "<group>"; };
		0157A098207B7BAE00AF9032 /* main.m */ = {isa = PBXFileReference; lastKnownFileType = sourcecode.c.objc; path = main.m; sourceTree = "<group>"; };
		0157A09E207B7BAE00AF9032 /* AdapterPatternDemo-SimpleTests.xctest */ = {isa = PBXFileReference; explicitFileType = wrapper.cfbundle; includeInIndex = 0; path = "AdapterPatternDemo-SimpleTests.xctest"; sourceTree = BUILT_PRODUCTS_DIR; };
		0157A0A2207B7BAE00AF9032 /* AdapterPatternDemo_SimpleTests.m */ = {isa = PBXFileReference; lastKnownFileType = sourcecode.c.objc; path = AdapterPatternDemo_SimpleTests.m; sourceTree = "<group>"; };
		0157A0A4207B7BAE00AF9032 /* Info.plist */ = {isa = PBXFileReference; lastKnownFileType = text.plist.xml; path = Info.plist; sourceTree = "<group>"; };
		0157A0A9207B7BAE00AF9032 /* AdapterPatternDemo-SimpleUITests.xctest */ = {isa = PBXFileReference; explicitFileType = wrapper.cfbundle; includeInIndex = 0; path = "AdapterPatternDemo-SimpleUITests.xctest"; sourceTree = BUILT_PRODUCTS_DIR; };
		0157A0AD207B7BAE00AF9032 /* AdapterPatternDemo_SimpleUITests.m */ = {isa = PBXFileReference; lastKnownFileType = sourcecode.c.objc; path = AdapterPatternDemo_SimpleUITests.m; sourceTree = "<group>"; };
		0157A0AF207B7BAE00AF9032 /* Info.plist */ = {isa = PBXFileReference; lastKnownFileType = text.plist.xml; path = Info.plist; sourceTree = "<group>"; };
		0157A0BC207B7C7300AF9032 /* DORootVC.h */ = {isa = PBXFileReference; lastKnownFileType = sourcecode.c.h; path = DORootVC.h; sourceTree = "<group>"; };
		0157A0BD207B7C7300AF9032 /* DORootVC.m */ = {isa = PBXFileReference; lastKnownFileType = sourcecode.c.objc; path = DORootVC.m; sourceTree = "<group>"; };
		01884607207A903B001C5F9E /* AdapterPatternDemo.app */ = {isa = PBXFileReference; explicitFileType = wrapper.application; includeInIndex = 0; path = AdapterPatternDemo.app; sourceTree = BUILT_PRODUCTS_DIR; };
		0188460A207A903B001C5F9E /* AppDelegate.h */ = {isa = PBXFileReference; lastKnownFileType = sourcecode.c.h; path = AppDelegate.h; sourceTree = "<group>"; };
		0188460B207A903B001C5F9E /* AppDelegate.m */ = {isa = PBXFileReference; lastKnownFileType = sourcecode.c.objc; path = AppDelegate.m; sourceTree = "<group>"; };
		01884613207A903C001C5F9E /* Assets.xcassets */ = {isa = PBXFileReference; lastKnownFileType = folder.assetcatalog; path = Assets.xcassets; sourceTree = "<group>"; };
		01884616207A903C001C5F9E /* Base */ = {isa = PBXFileReference; lastKnownFileType = file.storyboard; name = Base; path = Base.lproj/LaunchScreen.storyboard; sourceTree = "<group>"; };
		01884618207A903C001C5F9E /* Info.plist */ = {isa = PBXFileReference; lastKnownFileType = text.plist.xml; path = Info.plist; sourceTree = "<group>"; };
		01884619207A903C001C5F9E /* main.m */ = {isa = PBXFileReference; lastKnownFileType = sourcecode.c.objc; path = main.m; sourceTree = "<group>"; };
		0188461F207A903C001C5F9E /* AdapterPatternDemoTests.xctest */ = {isa = PBXFileReference; explicitFileType = wrapper.cfbundle; includeInIndex = 0; path = AdapterPatternDemoTests.xctest; sourceTree = BUILT_PRODUCTS_DIR; };
		01884623207A903C001C5F9E /* AdapterPatternDemoTests.m */ = {isa = PBXFileReference; lastKnownFileType = sourcecode.c.objc; path = AdapterPatternDemoTests.m; sourceTree = "<group>"; };
		01884625207A903C001C5F9E /* Info.plist */ = {isa = PBXFileReference; lastKnownFileType = text.plist.xml; path = Info.plist; sourceTree = "<group>"; };
		0188462A207A903C001C5F9E /* AdapterPatternDemoUITests.xctest */ = {isa = PBXFileReference; explicitFileType = wrapper.cfbundle; includeInIndex = 0; path = AdapterPatternDemoUITests.xctest; sourceTree = BUILT_PRODUCTS_DIR; };
		0188462E207A903C001C5F9E /* AdapterPatternDemoUITests.m */ = {isa = PBXFileReference; lastKnownFileType = sourcecode.c.objc; path = AdapterPatternDemoUITests.m; sourceTree = "<group>"; };
		01884630207A903C001C5F9E /* Info.plist */ = {isa = PBXFileReference; lastKnownFileType = text.plist.xml; path = Info.plist; sourceTree = "<group>"; };
		0188463F207A9086001C5F9E /* DORootVC.h */ = {isa = PBXFileReference; lastKnownFileType = sourcecode.c.h; path = DORootVC.h; sourceTree = "<group>"; };
		01884640207A9086001C5F9E /* DORootVC.m */ = {isa = PBXFileReference; lastKnownFileType = sourcecode.c.objc; path = DORootVC.m; sourceTree = "<group>"; };
		018F9EC5207CF2430059F450 /* AdapterUSD.h */ = {isa = PBXFileReference; lastKnownFileType = sourcecode.c.h; path = AdapterUSD.h; sourceTree = "<group>"; };
		018F9EC6207CF2430059F450 /* AdapterUSD.m */ = {isa = PBXFileReference; lastKnownFileType = sourcecode.c.objc; path = AdapterUSD.m; sourceTree = "<group>"; };
		018F9EC8207CF2800059F450 /* AdapterCNY.h */ = {isa = PBXFileReference; lastKnownFileType = sourcecode.c.h; path = AdapterCNY.h; sourceTree = "<group>"; };
		018F9EC9207CF2800059F450 /* AdapterCNY.m */ = {isa = PBXFileReference; lastKnownFileType = sourcecode.c.objc; path = AdapterCNY.m; sourceTree = "<group>"; };
		018F9ECC207CF2AE0059F450 /* TargetCNYProtocol.h */ = {isa = PBXFileReference; lastKnownFileType = sourcecode.c.h; path = TargetCNYProtocol.h; sourceTree = "<group>"; };
		018F9ECD207CF3A80059F450 /* ObjectAdapter.h */ = {isa = PBXFileReference; lastKnownFileType = sourcecode.c.h; path = ObjectAdapter.h; sourceTree = "<group>"; };
		018F9ECE207CF3A80059F450 /* ObjectAdapter.m */ = {isa = PBXFileReference; lastKnownFileType = sourcecode.c.objc; path = ObjectAdapter.m; sourceTree = "<group>"; };
/* End PBXFileReference section */

/* Begin PBXFrameworksBuildPhase section */
		0157A084207B7BAC00AF9032 /* Frameworks */ = {
			isa = PBXFrameworksBuildPhase;
			buildActionMask = 2147483647;
			files = (
			);
			runOnlyForDeploymentPostprocessing = 0;
		};
		0157A09B207B7BAE00AF9032 /* Frameworks */ = {
			isa = PBXFrameworksBuildPhase;
			buildActionMask = 2147483647;
			files = (
			);
			runOnlyForDeploymentPostprocessing = 0;
		};
		0157A0A6207B7BAE00AF9032 /* Frameworks */ = {
			isa = PBXFrameworksBuildPhase;
			buildActionMask = 2147483647;
			files = (
			);
			runOnlyForDeploymentPostprocessing = 0;
		};
		01884604207A903B001C5F9E /* Frameworks */ = {
			isa = PBXFrameworksBuildPhase;
			buildActionMask = 2147483647;
			files = (
			);
			runOnlyForDeploymentPostprocessing = 0;
		};
		0188461C207A903C001C5F9E /* Frameworks */ = {
			isa = PBXFrameworksBuildPhase;
			buildActionMask = 2147483647;
			files = (
			);
			runOnlyForDeploymentPostprocessing = 0;
		};
		01884627207A903C001C5F9E /* Frameworks */ = {
			isa = PBXFrameworksBuildPhase;
			buildActionMask = 2147483647;
			files = (
			);
			runOnlyForDeploymentPostprocessing = 0;
		};
/* End PBXFrameworksBuildPhase section */

/* Begin PBXGroup section */
		0157A088207B7BAC00AF9032 /* AdapterPatternDemo-Simple */ = {
			isa = PBXGroup;
			children = (
				018F9ECB207CF2950059F450 /* Protocol */,
				018F9EC4207CF1CD0059F450 /* Model */,
				0157A0BB207B7C2F00AF9032 /* Controller */,
				0157A0BA207B7C2A00AF9032 /* Bases */,
				0157A0B9207B7C2300AF9032 /* Resources */,
			);
			path = "AdapterPatternDemo-Simple";
			sourceTree = "<group>";
		};
		0157A0A1207B7BAE00AF9032 /* AdapterPatternDemo-SimpleTests */ = {
			isa = PBXGroup;
			children = (
				0157A0A2207B7BAE00AF9032 /* AdapterPatternDemo_SimpleTests.m */,
				0157A0A4207B7BAE00AF9032 /* Info.plist */,
			);
			path = "AdapterPatternDemo-SimpleTests";
			sourceTree = "<group>";
		};
		0157A0AC207B7BAE00AF9032 /* AdapterPatternDemo-SimpleUITests */ = {
			isa = PBXGroup;
			children = (
				0157A0AD207B7BAE00AF9032 /* AdapterPatternDemo_SimpleUITests.m */,
				0157A0AF207B7BAE00AF9032 /* Info.plist */,
			);
			path = "AdapterPatternDemo-SimpleUITests";
			sourceTree = "<group>";
		};
		0157A0B9207B7C2300AF9032 /* Resources */ = {
			isa = PBXGroup;
			children = (
				0157A092207B7BAE00AF9032 /* Assets.xcassets */,
				0157A094207B7BAE00AF9032 /* LaunchScreen.storyboard */,
				0157A097207B7BAE00AF9032 /* Info.plist */,
				0157A098207B7BAE00AF9032 /* main.m */,
			);
			path = Resources;
			sourceTree = "<group>";
		};
		0157A0BA207B7C2A00AF9032 /* Bases */ = {
			isa = PBXGroup;
			children = (
				0157A089207B7BAC00AF9032 /* AppDelegate.h */,
				0157A08A207B7BAC00AF9032 /* AppDelegate.m */,
			);
			path = Bases;
			sourceTree = "<group>";
		};
		0157A0BB207B7C2F00AF9032 /* Controller */ = {
			isa = PBXGroup;
			children = (
				0157A0BC207B7C7300AF9032 /* DORootVC.h */,
				0157A0BD207B7C7300AF9032 /* DORootVC.m */,
			);
			path = Controller;
			sourceTree = "<group>";
		};
		018845FE207A903B001C5F9E = {
			isa = PBXGroup;
			children = (
				01884609207A903B001C5F9E /* AdapterPatternDemo */,
				01884622207A903C001C5F9E /* AdapterPatternDemoTests */,
				0188462D207A903C001C5F9E /* AdapterPatternDemoUITests */,
				0157A088207B7BAC00AF9032 /* AdapterPatternDemo-Simple */,
				0157A0A1207B7BAE00AF9032 /* AdapterPatternDemo-SimpleTests */,
				0157A0AC207B7BAE00AF9032 /* AdapterPatternDemo-SimpleUITests */,
				01884608207A903B001C5F9E /* Products */,
			);
			sourceTree = "<group>";
		};
		01884608207A903B001C5F9E /* Products */ = {
			isa = PBXGroup;
			children = (
				01884607207A903B001C5F9E /* AdapterPatternDemo.app */,
				0188461F207A903C001C5F9E /* AdapterPatternDemoTests.xctest */,
				0188462A207A903C001C5F9E /* AdapterPatternDemoUITests.xctest */,
				0157A087207B7BAC00AF9032 /* AdapterPatternDemo-Simple.app */,
				0157A09E207B7BAE00AF9032 /* AdapterPatternDemo-SimpleTests.xctest */,
				0157A0A9207B7BAE00AF9032 /* AdapterPatternDemo-SimpleUITests.xctest */,
			);
			name = Products;
			sourceTree = "<group>";
		};
		01884609207A903B001C5F9E /* AdapterPatternDemo */ = {
			isa = PBXGroup;
			children = (
				0188463E207A906C001C5F9E /* Controller */,
				0188463D207A9060001C5F9E /* Bases */,
				0188463C207A9052001C5F9E /* Resources */,
			);
			path = AdapterPatternDemo;
			sourceTree = "<group>";
		};
		01884622207A903C001C5F9E /* AdapterPatternDemoTests */ = {
			isa = PBXGroup;
			children = (
				01884623207A903C001C5F9E /* AdapterPatternDemoTests.m */,
				01884625207A903C001C5F9E /* Info.plist */,
			);
			path = AdapterPatternDemoTests;
			sourceTree = "<group>";
		};
		0188462D207A903C001C5F9E /* AdapterPatternDemoUITests */ = {
			isa = PBXGroup;
			children = (
				0188462E207A903C001C5F9E /* AdapterPatternDemoUITests.m */,
				01884630207A903C001C5F9E /* Info.plist */,
			);
			path = AdapterPatternDemoUITests;
			sourceTree = "<group>";
		};
		0188463C207A9052001C5F9E /* Resources */ = {
			isa = PBXGroup;
			children = (
				01884613207A903C001C5F9E /* Assets.xcassets */,
				01884615207A903C001C5F9E /* LaunchScreen.storyboard */,
				01884618207A903C001C5F9E /* Info.plist */,
				01884619207A903C001C5F9E /* main.m */,
			);
			path = Resources;
			sourceTree = "<group>";
		};
		0188463D207A9060001C5F9E /* Bases */ = {
			isa = PBXGroup;
			children = (
				0188460A207A903B001C5F9E /* AppDelegate.h */,
				0188460B207A903B001C5F9E /* AppDelegate.m */,
			);
			path = Bases;
			sourceTree = "<group>";
		};
		0188463E207A906C001C5F9E /* Controller */ = {
			isa = PBXGroup;
			children = (
				0188463F207A9086001C5F9E /* DORootVC.h */,
				01884640207A9086001C5F9E /* DORootVC.m */,
			);
			path = Controller;
			sourceTree = "<group>";
		};
		018F9EC4207CF1CD0059F450 /* Model */ = {
			isa = PBXGroup;
			children = (
				018F9EC5207CF2430059F450 /* AdapterUSD.h */,
				018F9EC6207CF2430059F450 /* AdapterUSD.m */,
				018F9EC8207CF2800059F450 /* AdapterCNY.h */,
				018F9EC9207CF2800059F450 /* AdapterCNY.m */,
				018F9ECD207CF3A80059F450 /* ObjectAdapter.h */,
				018F9ECE207CF3A80059F450 /* ObjectAdapter.m */,
			);
			path = Model;
			sourceTree = "<group>";
		};
		018F9ECB207CF2950059F450 /* Protocol */ = {
			isa = PBXGroup;
			children = (
				018F9ECC207CF2AE0059F450 /* TargetCNYProtocol.h */,
			);
			path = Protocol;
			sourceTree = "<group>";
		};
/* End PBXGroup section */

/* Begin PBXNativeTarget section */
		0157A086207B7BAC00AF9032 /* AdapterPatternDemo-Simple */ = {
			isa = PBXNativeTarget;
			buildConfigurationList = 0157A0B6207B7BAE00AF9032 /* Build configuration list for PBXNativeTarget "AdapterPatternDemo-Simple" */;
			buildPhases = (
				0157A083207B7BAC00AF9032 /* Sources */,
				0157A084207B7BAC00AF9032 /* Frameworks */,
				0157A085207B7BAC00AF9032 /* Resources */,
			);
			buildRules = (
			);
			dependencies = (
			);
			name = "AdapterPatternDemo-Simple";
			productName = "AdapterPatternDemo-Simple";
			productReference = 0157A087207B7BAC00AF9032 /* AdapterPatternDemo-Simple.app */;
			productType = "com.apple.product-type.application";
		};
		0157A09D207B7BAE00AF9032 /* AdapterPatternDemo-SimpleTests */ = {
			isa = PBXNativeTarget;
			buildConfigurationList = 0157A0B7207B7BAE00AF9032 /* Build configuration list for PBXNativeTarget "AdapterPatternDemo-SimpleTests" */;
			buildPhases = (
				0157A09A207B7BAE00AF9032 /* Sources */,
				0157A09B207B7BAE00AF9032 /* Frameworks */,
				0157A09C207B7BAE00AF9032 /* Resources */,
			);
			buildRules = (
			);
			dependencies = (
				0157A0A0207B7BAE00AF9032 /* PBXTargetDependency */,
			);
			name = "AdapterPatternDemo-SimpleTests";
			productName = "AdapterPatternDemo-SimpleTests";
			productReference = 0157A09E207B7BAE00AF9032 /* AdapterPatternDemo-SimpleTests.xctest */;
			productType = "com.apple.product-type.bundle.unit-test";
		};
		0157A0A8207B7BAE00AF9032 /* AdapterPatternDemo-SimpleUITests */ = {
			isa = PBXNativeTarget;
			buildConfigurationList = 0157A0B8207B7BAE00AF9032 /* Build configuration list for PBXNativeTarget "AdapterPatternDemo-SimpleUITests" */;
			buildPhases = (
				0157A0A5207B7BAE00AF9032 /* Sources */,
				0157A0A6207B7BAE00AF9032 /* Frameworks */,
				0157A0A7207B7BAE00AF9032 /* Resources */,
			);
			buildRules = (
			);
			dependencies = (
				0157A0AB207B7BAE00AF9032 /* PBXTargetDependency */,
			);
			name = "AdapterPatternDemo-SimpleUITests";
			productName = "AdapterPatternDemo-SimpleUITests";
			productReference = 0157A0A9207B7BAE00AF9032 /* AdapterPatternDemo-SimpleUITests.xctest */;
			productType = "com.apple.product-type.bundle.ui-testing";
		};
		01884606207A903B001C5F9E /* AdapterPatternDemo */ = {
			isa = PBXNativeTarget;
			buildConfigurationList = 01884633207A903C001C5F9E /* Build configuration list for PBXNativeTarget "AdapterPatternDemo" */;
			buildPhases = (
				01884603207A903B001C5F9E /* Sources */,
				01884604207A903B001C5F9E /* Frameworks */,
				01884605207A903B001C5F9E /* Resources */,
			);
			buildRules = (
			);
			dependencies = (
			);
			name = AdapterPatternDemo;
			productName = AdapterPatternDemo;
			productReference = 01884607207A903B001C5F9E /* AdapterPatternDemo.app */;
			productType = "com.apple.product-type.application";
		};
		0188461E207A903C001C5F9E /* AdapterPatternDemoTests */ = {
			isa = PBXNativeTarget;
			buildConfigurationList = 01884636207A903C001C5F9E /* Build configuration list for PBXNativeTarget "AdapterPatternDemoTests" */;
			buildPhases = (
				0188461B207A903C001C5F9E /* Sources */,
				0188461C207A903C001C5F9E /* Frameworks */,
				0188461D207A903C001C5F9E /* Resources */,
			);
			buildRules = (
			);
			dependencies = (
				01884621207A903C001C5F9E /* PBXTargetDependency */,
			);
			name = AdapterPatternDemoTests;
			productName = AdapterPatternDemoTests;
			productReference = 0188461F207A903C001C5F9E /* AdapterPatternDemoTests.xctest */;
			productType = "com.apple.product-type.bundle.unit-test";
		};
		01884629207A903C001C5F9E /* AdapterPatternDemoUITests */ = {
			isa = PBXNativeTarget;
			buildConfigurationList = 01884639207A903C001C5F9E /* Build configuration list for PBXNativeTarget "AdapterPatternDemoUITests" */;
			buildPhases = (
				01884626207A903C001C5F9E /* Sources */,
				01884627207A903C001C5F9E /* Frameworks */,
				01884628207A903C001C5F9E /* Resources */,
			);
			buildRules = (
			);
			dependencies = (
				0188462C207A903C001C5F9E /* PBXTargetDependency */,
			);
			name = AdapterPatternDemoUITests;
			productName = AdapterPatternDemoUITests;
			productReference = 0188462A207A903C001C5F9E /* AdapterPatternDemoUITests.xctest */;
			productType = "com.apple.product-type.bundle.ui-testing";
		};
/* End PBXNativeTarget section */

/* Begin PBXProject section */
		018845FF207A903B001C5F9E /* Project object */ = {
			isa = PBXProject;
			attributes = {
				LastUpgradeCheck = 0930;
				ORGANIZATIONNAME = Dino;
				TargetAttributes = {
					0157A086207B7BAC00AF9032 = {
						CreatedOnToolsVersion = 9.3;
					};
					0157A09D207B7BAE00AF9032 = {
						CreatedOnToolsVersion = 9.3;
						TestTargetID = 0157A086207B7BAC00AF9032;
					};
					0157A0A8207B7BAE00AF9032 = {
						CreatedOnToolsVersion = 9.3;
						TestTargetID = 0157A086207B7BAC00AF9032;
					};
					01884606207A903B001C5F9E = {
						CreatedOnToolsVersion = 9.3;
					};
					0188461E207A903C001C5F9E = {
						CreatedOnToolsVersion = 9.3;
						TestTargetID = 01884606207A903B001C5F9E;
					};
					01884629207A903C001C5F9E = {
						CreatedOnToolsVersion = 9.3;
						TestTargetID = 01884606207A903B001C5F9E;
					};
				};
			};
			buildConfigurationList = 01884602207A903B001C5F9E /* Build configuration list for PBXProject "AdapterPatternDemo" */;
			compatibilityVersion = "Xcode 9.3";
			developmentRegion = en;
			hasScannedForEncodings = 0;
			knownRegions = (
				en,
				Base,
			);
			mainGroup = 018845FE207A903B001C5F9E;
			productRefGroup = 01884608207A903B001C5F9E /* Products */;
			projectDirPath = "";
			projectRoot = "";
			targets = (
				01884606207A903B001C5F9E /* AdapterPatternDemo */,
				0188461E207A903C001C5F9E /* AdapterPatternDemoTests */,
				01884629207A903C001C5F9E /* AdapterPatternDemoUITests */,
				0157A086207B7BAC00AF9032 /* AdapterPatternDemo-Simple */,
				0157A09D207B7BAE00AF9032 /* AdapterPatternDemo-SimpleTests */,
				0157A0A8207B7BAE00AF9032 /* AdapterPatternDemo-SimpleUITests */,
			);
		};
/* End PBXProject section */

/* Begin PBXResourcesBuildPhase section */
		0157A085207B7BAC00AF9032 /* Resources */ = {
			isa = PBXResourcesBuildPhase;
			buildActionMask = 2147483647;
			files = (
				0157A096207B7BAE00AF9032 /* LaunchScreen.storyboard in Resources */,
				0157A093207B7BAE00AF9032 /* Assets.xcassets in Resources */,
			);
			runOnlyForDeploymentPostprocessing = 0;
		};
		0157A09C207B7BAE00AF9032 /* Resources */ = {
			isa = PBXResourcesBuildPhase;
			buildActionMask = 2147483647;
			files = (
			);
			runOnlyForDeploymentPostprocessing = 0;
		};
		0157A0A7207B7BAE00AF9032 /* Resources */ = {
			isa = PBXResourcesBuildPhase;
			buildActionMask = 2147483647;
			files = (
			);
			runOnlyForDeploymentPostprocessing = 0;
		};
		01884605207A903B001C5F9E /* Resources */ = {
			isa = PBXResourcesBuildPhase;
			buildActionMask = 2147483647;
			files = (
				01884617207A903C001C5F9E /* LaunchScreen.storyboard in Resources */,
				01884614207A903C001C5F9E /* Assets.xcassets in Resources */,
			);
			runOnlyForDeploymentPostprocessing = 0;
		};
		0188461D207A903C001C5F9E /* Resources */ = {
			isa = PBXResourcesBuildPhase;
			buildActionMask = 2147483647;
			files = (
			);
			runOnlyForDeploymentPostprocessing = 0;
		};
		01884628207A903C001C5F9E /* Resources */ = {
			isa = PBXResourcesBuildPhase;
			buildActionMask = 2147483647;
			files = (
			);
			runOnlyForDeploymentPostprocessing = 0;
		};
/* End PBXResourcesBuildPhase section */

/* Begin PBXSourcesBuildPhase section */
		0157A083207B7BAC00AF9032 /* Sources */ = {
			isa = PBXSourcesBuildPhase;
			buildActionMask = 2147483647;
			files = (
				018F9ECF207CF3A80059F450 /* ObjectAdapter.m in Sources */,
				018F9EC7207CF2430059F450 /* AdapterUSD.m in Sources */,
				018F9ECA207CF2800059F450 /* AdapterCNY.m in Sources */,
				0157A0BE207B7C7300AF9032 /* DORootVC.m in Sources */,
				0157A099207B7BAE00AF9032 /* main.m in Sources */,
				0157A08B207B7BAC00AF9032 /* AppDelegate.m in Sources */,
			);
			runOnlyForDeploymentPostprocessing = 0;
		};
		0157A09A207B7BAE00AF9032 /* Sources */ = {
			isa = PBXSourcesBuildPhase;
			buildActionMask = 2147483647;
			files = (
				0157A0A3207B7BAE00AF9032 /* AdapterPatternDemo_SimpleTests.m in Sources */,
			);
			runOnlyForDeploymentPostprocessing = 0;
		};
		0157A0A5207B7BAE00AF9032 /* Sources */ = {
			isa = PBXSourcesBuildPhase;
			buildActionMask = 2147483647;
			files = (
				0157A0AE207B7BAE00AF9032 /* AdapterPatternDemo_SimpleUITests.m in Sources */,
			);
			runOnlyForDeploymentPostprocessing = 0;
		};
		01884603207A903B001C5F9E /* Sources */ = {
			isa = PBXSourcesBuildPhase;
			buildActionMask = 2147483647;
			files = (
				01884641207A9086001C5F9E /* DORootVC.m in Sources */,
				0188461A207A903C001C5F9E /* main.m in Sources */,
				0188460C207A903B001C5F9E /* AppDelegate.m in Sources */,
			);
			runOnlyForDeploymentPostprocessing = 0;
		};
		0188461B207A903C001C5F9E /* Sources */ = {
			isa = PBXSourcesBuildPhase;
			buildActionMask = 2147483647;
			files = (
				01884624207A903C001C5F9E /* AdapterPatternDemoTests.m in Sources */,
			);
			runOnlyForDeploymentPostprocessing = 0;
		};
		01884626207A903C001C5F9E /* Sources */ = {
			isa = PBXSourcesBuildPhase;
			buildActionMask = 2147483647;
			files = (
				0188462F207A903C001C5F9E /* AdapterPatternDemoUITests.m in Sources */,
			);
			runOnlyForDeploymentPostprocessing = 0;
		};
/* End PBXSourcesBuildPhase section */

/* Begin PBXTargetDependency section */
		0157A0A0207B7BAE00AF9032 /* PBXTargetDependency */ = {
			isa = PBXTargetDependency;
			target = 0157A086207B7BAC00AF9032 /* AdapterPatternDemo-Simple */;
			targetProxy = 0157A09F207B7BAE00AF9032 /* PBXContainerItemProxy */;
		};
		0157A0AB207B7BAE00AF9032 /* PBXTargetDependency */ = {
			isa = PBXTargetDependency;
			target = 0157A086207B7BAC00AF9032 /* AdapterPatternDemo-Simple */;
			targetProxy = 0157A0AA207B7BAE00AF9032 /* PBXContainerItemProxy */;
		};
		01884621207A903C001C5F9E /* PBXTargetDependency */ = {
			isa = PBXTargetDependency;
			target = 01884606207A903B001C5F9E /* AdapterPatternDemo */;
			targetProxy = 01884620207A903C001C5F9E /* PBXContainerItemProxy */;
		};
		0188462C207A903C001C5F9E /* PBXTargetDependency */ = {
			isa = PBXTargetDependency;
			target = 01884606207A903B001C5F9E /* AdapterPatternDemo */;
			targetProxy = 0188462B207A903C001C5F9E /* PBXContainerItemProxy */;
		};
/* End PBXTargetDependency section */

/* Begin PBXVariantGroup section */
		0157A094207B7BAE00AF9032 /* LaunchScreen.storyboard */ = {
			isa = PBXVariantGroup;
			children = (
				0157A095207B7BAE00AF9032 /* Base */,
			);
			name = LaunchScreen.storyboard;
			sourceTree = "<group>";
		};
		01884615207A903C001C5F9E /* LaunchScreen.storyboard */ = {
			isa = PBXVariantGroup;
			children = (
				01884616207A903C001C5F9E /* Base */,
			);
			name = LaunchScreen.storyboard;
			sourceTree = "<group>";
		};
/* End PBXVariantGroup section */

/* Begin XCBuildConfiguration section */
		0157A0B0207B7BAE00AF9032 /* Debug */ = {
			isa = XCBuildConfiguration;
			buildSettings = {
				ASSETCATALOG_COMPILER_APPICON_NAME = AppIcon;
				CODE_SIGN_STYLE = Automatic;
				INFOPLIST_FILE = "$(SRCROOT)/AdapterPatternDemo-Simple/Resources/Info.plist";
				LD_RUNPATH_SEARCH_PATHS = (
					"$(inherited)",
					"@executable_path/Frameworks",
				);
				PRODUCT_BUNDLE_IDENTIFIER = "com.Dino.AdapterPatternDemo-Simple";
				PRODUCT_NAME = "$(TARGET_NAME)";
				TARGETED_DEVICE_FAMILY = "1,2";
			};
			name = Debug;
		};
		0157A0B1207B7BAE00AF9032 /* Release */ = {
			isa = XCBuildConfiguration;
			buildSettings = {
				ASSETCATALOG_COMPILER_APPICON_NAME = AppIcon;
				CODE_SIGN_STYLE = Automatic;
				INFOPLIST_FILE = "$(SRCROOT)/AdapterPatternDemo-Simple/Resources/Info.plist";
				LD_RUNPATH_SEARCH_PATHS = (
					"$(inherited)",
					"@executable_path/Frameworks",
				);
				PRODUCT_BUNDLE_IDENTIFIER = "com.Dino.AdapterPatternDemo-Simple";
				PRODUCT_NAME = "$(TARGET_NAME)";
				TARGETED_DEVICE_FAMILY = "1,2";
			};
			name = Release;
		};
		0157A0B2207B7BAE00AF9032 /* Debug */ = {
			isa = XCBuildConfiguration;
			buildSettings = {
				BUNDLE_LOADER = "$(TEST_HOST)";
				CODE_SIGN_STYLE = Automatic;
				INFOPLIST_FILE = "AdapterPatternDemo-SimpleTests/Info.plist";
				LD_RUNPATH_SEARCH_PATHS = (
					"$(inherited)",
					"@executable_path/Frameworks",
					"@loader_path/Frameworks",
				);
				PRODUCT_BUNDLE_IDENTIFIER = "com.Dino.AdapterPatternDemo-SimpleTests";
				PRODUCT_NAME = "$(TARGET_NAME)";
				TARGETED_DEVICE_FAMILY = "1,2";
				TEST_HOST = "$(BUILT_PRODUCTS_DIR)/AdapterPatternDemo-Simple.app/AdapterPatternDemo-Simple";
			};
			name = Debug;
		};
		0157A0B3207B7BAE00AF9032 /* Release */ = {
			isa = XCBuildConfiguration;
			buildSettings = {
				BUNDLE_LOADER = "$(TEST_HOST)";
				CODE_SIGN_STYLE = Automatic;
				INFOPLIST_FILE = "AdapterPatternDemo-SimpleTests/Info.plist";
				LD_RUNPATH_SEARCH_PATHS = (
					"$(inherited)",
					"@executable_path/Frameworks",
					"@loader_path/Frameworks",
				);
				PRODUCT_BUNDLE_IDENTIFIER = "com.Dino.AdapterPatternDemo-SimpleTests";
				PRODUCT_NAME = "$(TARGET_NAME)";
				TARGETED_DEVICE_FAMILY = "1,2";
				TEST_HOST = "$(BUILT_PRODUCTS_DIR)/AdapterPatternDemo-Simple.app/AdapterPatternDemo-Simple";
			};
			name = Release;
		};
		0157A0B4207B7BAE00AF9032 /* Debug */ = {
			isa = XCBuildConfiguration;
			buildSettings = {
				CODE_SIGN_STYLE = Automatic;
				INFOPLIST_FILE = "AdapterPatternDemo-SimpleUITests/Info.plist";
				LD_RUNPATH_SEARCH_PATHS = (
					"$(inherited)",
					"@executable_path/Frameworks",
					"@loader_path/Frameworks",
				);
				PRODUCT_BUNDLE_IDENTIFIER = "com.Dino.AdapterPatternDemo-SimpleUITests";
				PRODUCT_NAME = "$(TARGET_NAME)";
				TARGETED_DEVICE_FAMILY = "1,2";
				TEST_TARGET_NAME = "AdapterPatternDemo-Simple";
			};
			name = Debug;
		};
		0157A0B5207B7BAE00AF9032 /* Release */ = {
			isa = XCBuildConfiguration;
			buildSettings = {
				CODE_SIGN_STYLE = Automatic;
				INFOPLIST_FILE = "AdapterPatternDemo-SimpleUITests/Info.plist";
				LD_RUNPATH_SEARCH_PATHS = (
					"$(inherited)",
					"@executable_path/Frameworks",
					"@loader_path/Frameworks",
				);
				PRODUCT_BUNDLE_IDENTIFIER = "com.Dino.AdapterPatternDemo-SimpleUITests";
				PRODUCT_NAME = "$(TARGET_NAME)";
				TARGETED_DEVICE_FAMILY = "1,2";
				TEST_TARGET_NAME = "AdapterPatternDemo-Simple";
			};
			name = Release;
		};
		01884631207A903C001C5F9E /* Debug */ = {
			isa = XCBuildConfiguration;
			buildSettings = {
				ALWAYS_SEARCH_USER_PATHS = NO;
				CLANG_ANALYZER_NONNULL = YES;
				CLANG_ANALYZER_NUMBER_OBJECT_CONVERSION = YES_AGGRESSIVE;
				CLANG_CXX_LANGUAGE_STANDARD = "gnu++14";
				CLANG_CXX_LIBRARY = "libc++";
				CLANG_ENABLE_MODULES = YES;
				CLANG_ENABLE_OBJC_ARC = YES;
				CLANG_ENABLE_OBJC_WEAK = YES;
				CLANG_WARN_BLOCK_CAPTURE_AUTORELEASING = YES;
				CLANG_WARN_BOOL_CONVERSION = YES;
				CLANG_WARN_COMMA = YES;
				CLANG_WARN_CONSTANT_CONVERSION = YES;
				CLANG_WARN_DEPRECATED_OBJC_IMPLEMENTATIONS = YES;
				CLANG_WARN_DIRECT_OBJC_ISA_USAGE = YES_ERROR;
				CLANG_WARN_DOCUMENTATION_COMMENTS = YES;
				CLANG_WARN_EMPTY_BODY = YES;
				CLANG_WARN_ENUM_CONVERSION = YES;
				CLANG_WARN_INFINITE_RECURSION = YES;
				CLANG_WARN_INT_CONVERSION = YES;
				CLANG_WARN_NON_LITERAL_NULL_CONVERSION = YES;
				CLANG_WARN_OBJC_IMPLICIT_RETAIN_SELF = YES;
				CLANG_WARN_OBJC_LITERAL_CONVERSION = YES;
				CLANG_WARN_OBJC_ROOT_CLASS = YES_ERROR;
				CLANG_WARN_RANGE_LOOP_ANALYSIS = YES;
				CLANG_WARN_STRICT_PROTOTYPES = YES;
				CLANG_WARN_SUSPICIOUS_MOVE = YES;
				CLANG_WARN_UNGUARDED_AVAILABILITY = YES_AGGRESSIVE;
				CLANG_WARN_UNREACHABLE_CODE = YES;
				CLANG_WARN__DUPLICATE_METHOD_MATCH = YES;
				CODE_SIGN_IDENTITY = "iPhone Developer";
				COPY_PHASE_STRIP = NO;
				DEBUG_INFORMATION_FORMAT = dwarf;
				ENABLE_STRICT_OBJC_MSGSEND = YES;
				ENABLE_TESTABILITY = YES;
				GCC_C_LANGUAGE_STANDARD = gnu11;
				GCC_DYNAMIC_NO_PIC = NO;
				GCC_NO_COMMON_BLOCKS = YES;
				GCC_OPTIMIZATION_LEVEL = 0;
				GCC_PREPROCESSOR_DEFINITIONS = (
					"DEBUG=1",
					"$(inherited)",
				);
				GCC_WARN_64_TO_32_BIT_CONVERSION = YES;
				GCC_WARN_ABOUT_RETURN_TYPE = YES_ERROR;
				GCC_WARN_UNDECLARED_SELECTOR = YES;
				GCC_WARN_UNINITIALIZED_AUTOS = YES_AGGRESSIVE;
				GCC_WARN_UNUSED_FUNCTION = YES;
				GCC_WARN_UNUSED_VARIABLE = YES;
				IPHONEOS_DEPLOYMENT_TARGET = 11.3;
				MTL_ENABLE_DEBUG_INFO = YES;
				ONLY_ACTIVE_ARCH = YES;
				SDKROOT = iphoneos;
			};
			name = Debug;
		};
		01884632207A903C001C5F9E /* Release */ = {
			isa = XCBuildConfiguration;
			buildSettings = {
				ALWAYS_SEARCH_USER_PATHS = NO;
				CLANG_ANALYZER_NONNULL = YES;
				CLANG_ANALYZER_NUMBER_OBJECT_CONVERSION = YES_AGGRESSIVE;
				CLANG_CXX_LANGUAGE_STANDARD = "gnu++14";
				CLANG_CXX_LIBRARY = "libc++";
				CLANG_ENABLE_MODULES = YES;
				CLANG_ENABLE_OBJC_ARC = YES;
				CLANG_ENABLE_OBJC_WEAK = YES;
				CLANG_WARN_BLOCK_CAPTURE_AUTORELEASING = YES;
				CLANG_WARN_BOOL_CONVERSION = YES;
				CLANG_WARN_COMMA = YES;
				CLANG_WARN_CONSTANT_CONVERSION = YES;
				CLANG_WARN_DEPRECATED_OBJC_IMPLEMENTATIONS = YES;
				CLANG_WARN_DIRECT_OBJC_ISA_USAGE = YES_ERROR;
				CLANG_WARN_DOCUMENTATION_COMMENTS = YES;
				CLANG_WARN_EMPTY_BODY = YES;
				CLANG_WARN_ENUM_CONVERSION = YES;
				CLANG_WARN_INFINITE_RECURSION = YES;
				CLANG_WARN_INT_CONVERSION = YES;
				CLANG_WARN_NON_LITERAL_NULL_CONVERSION = YES;
				CLANG_WARN_OBJC_IMPLICIT_RETAIN_SELF = YES;
				CLANG_WARN_OBJC_LITERAL_CONVERSION = YES;
				CLANG_WARN_OBJC_ROOT_CLASS = YES_ERROR;
				CLANG_WARN_RANGE_LOOP_ANALYSIS = YES;
				CLANG_WARN_STRICT_PROTOTYPES = YES;
				CLANG_WARN_SUSPICIOUS_MOVE = YES;
				CLANG_WARN_UNGUARDED_AVAILABILITY = YES_AGGRESSIVE;
				CLANG_WARN_UNREACHABLE_CODE = YES;
				CLANG_WARN__DUPLICATE_METHOD_MATCH = YES;
				CODE_SIGN_IDENTITY = "iPhone Developer";
				COPY_PHASE_STRIP = NO;
				DEBUG_INFORMATION_FORMAT = "dwarf-with-dsym";
				ENABLE_NS_ASSERTIONS = NO;
				ENABLE_STRICT_OBJC_MSGSEND = YES;
				GCC_C_LANGUAGE_STANDARD = gnu11;
				GCC_NO_COMMON_BLOCKS = YES;
				GCC_WARN_64_TO_32_BIT_CONVERSION = YES;
				GCC_WARN_ABOUT_RETURN_TYPE = YES_ERROR;
				GCC_WARN_UNDECLARED_SELECTOR = YES;
				GCC_WARN_UNINITIALIZED_AUTOS = YES_AGGRESSIVE;
				GCC_WARN_UNUSED_FUNCTION = YES;
				GCC_WARN_UNUSED_VARIABLE = YES;
				IPHONEOS_DEPLOYMENT_TARGET = 11.3;
				MTL_ENABLE_DEBUG_INFO = NO;
				SDKROOT = iphoneos;
				VALIDATE_PRODUCT = YES;
			};
			name = Release;
		};
		01884634207A903C001C5F9E /* Debug */ = {
			isa = XCBuildConfiguration;
			buildSettings = {
				ASSETCATALOG_COMPILER_APPICON_NAME = AppIcon;
				CODE_SIGN_STYLE = Automatic;
				INFOPLIST_FILE = "$(SRCROOT)/AdapterPatternDemo/Resources/Info.plist";
				LD_RUNPATH_SEARCH_PATHS = (
					"$(inherited)",
					"@executable_path/Frameworks",
				);
				PRODUCT_BUNDLE_IDENTIFIER = com.Dino.AdapterPatternDemo;
				PRODUCT_NAME = "$(TARGET_NAME)";
				TARGETED_DEVICE_FAMILY = "1,2";
			};
			name = Debug;
		};
		01884635207A903C001C5F9E /* Release */ = {
			isa = XCBuildConfiguration;
			buildSettings = {
				ASSETCATALOG_COMPILER_APPICON_NAME = AppIcon;
				CODE_SIGN_STYLE = Automatic;
				INFOPLIST_FILE = "$(SRCROOT)/AdapterPatternDemo/Resources/Info.plist";
				LD_RUNPATH_SEARCH_PATHS = (
					"$(inherited)",
					"@executable_path/Frameworks",
				);
				PRODUCT_BUNDLE_IDENTIFIER = com.Dino.AdapterPatternDemo;
				PRODUCT_NAME = "$(TARGET_NAME)";
				TARGETED_DEVICE_FAMILY = "1,2";
			};
			name = Release;
		};
		01884637207A903C001C5F9E /* Debug */ = {
			isa = XCBuildConfiguration;
			buildSettings = {
				BUNDLE_LOADER = "$(TEST_HOST)";
				CODE_SIGN_STYLE = Automatic;
				INFOPLIST_FILE = AdapterPatternDemoTests/Info.plist;
				LD_RUNPATH_SEARCH_PATHS = (
					"$(inherited)",
					"@executable_path/Frameworks",
					"@loader_path/Frameworks",
				);
				PRODUCT_BUNDLE_IDENTIFIER = com.Dino.AdapterPatternDemoTests;
				PRODUCT_NAME = "$(TARGET_NAME)";
				TARGETED_DEVICE_FAMILY = "1,2";
				TEST_HOST = "$(BUILT_PRODUCTS_DIR)/AdapterPatternDemo.app/AdapterPatternDemo";
			};
			name = Debug;
		};
		01884638207A903C001C5F9E /* Release */ = {
			isa = XCBuildConfiguration;
			buildSettings = {
				BUNDLE_LOADER = "$(TEST_HOST)";
				CODE_SIGN_STYLE = Automatic;
				INFOPLIST_FILE = AdapterPatternDemoTests/Info.plist;
				LD_RUNPATH_SEARCH_PATHS = (
					"$(inherited)",
					"@executable_path/Frameworks",
					"@loader_path/Frameworks",
				);
				PRODUCT_BUNDLE_IDENTIFIER = com.Dino.AdapterPatternDemoTests;
				PRODUCT_NAME = "$(TARGET_NAME)";
				TARGETED_DEVICE_FAMILY = "1,2";
				TEST_HOST = "$(BUILT_PRODUCTS_DIR)/AdapterPatternDemo.app/AdapterPatternDemo";
			};
			name = Release;
		};
		0188463A207A903C001C5F9E /* Debug */ = {
			isa = XCBuildConfiguration;
			buildSettings = {
				CODE_SIGN_STYLE = Automatic;
				INFOPLIST_FILE = AdapterPatternDemoUITests/Info.plist;
				LD_RUNPATH_SEARCH_PATHS = (
					"$(inherited)",
					"@executable_path/Frameworks",
					"@loader_path/Frameworks",
				);
				PRODUCT_BUNDLE_IDENTIFIER = com.Dino.AdapterPatternDemoUITests;
				PRODUCT_NAME = "$(TARGET_NAME)";
				TARGETED_DEVICE_FAMILY = "1,2";
				TEST_TARGET_NAME = AdapterPatternDemo;
			};
			name = Debug;
		};
		0188463B207A903C001C5F9E /* Release */ = {
			isa = XCBuildConfiguration;
			buildSettings = {
				CODE_SIGN_STYLE = Automatic;
				INFOPLIST_FILE = AdapterPatternDemoUITests/Info.plist;
				LD_RUNPATH_SEARCH_PATHS = (
					"$(inherited)",
					"@executable_path/Frameworks",
					"@loader_path/Frameworks",
				);
				PRODUCT_BUNDLE_IDENTIFIER = com.Dino.AdapterPatternDemoUITests;
				PRODUCT_NAME = "$(TARGET_NAME)";
				TARGETED_DEVICE_FAMILY = "1,2";
				TEST_TARGET_NAME = AdapterPatternDemo;
			};
			name = Release;
		};
/* End XCBuildConfiguration section */

/* Begin XCConfigurationList section */
		0157A0B6207B7BAE00AF9032 /* Build configuration list for PBXNativeTarget "AdapterPatternDemo-Simple" */ = {
			isa = XCConfigurationList;
			buildConfigurations = (
				0157A0B0207B7BAE00AF9032 /* Debug */,
				0157A0B1207B7BAE00AF9032 /* Release */,
			);
			defaultConfigurationIsVisible = 0;
			defaultConfigurationName = Release;
		};
		0157A0B7207B7BAE00AF9032 /* Build configuration list for PBXNativeTarget "AdapterPatternDemo-SimpleTests" */ = {
			isa = XCConfigurationList;
			buildConfigurations = (
				0157A0B2207B7BAE00AF9032 /* Debug */,
				0157A0B3207B7BAE00AF9032 /* Release */,
			);
			defaultConfigurationIsVisible = 0;
			defaultConfigurationName = Release;
		};
		0157A0B8207B7BAE00AF9032 /* Build configuration list for PBXNativeTarget "AdapterPatternDemo-SimpleUITests" */ = {
			isa = XCConfigurationList;
			buildConfigurations = (
				0157A0B4207B7BAE00AF9032 /* Debug */,
				0157A0B5207B7BAE00AF9032 /* Release */,
			);
			defaultConfigurationIsVisible = 0;
			defaultConfigurationName = Release;
		};
		01884602207A903B001C5F9E /* Build configuration list for PBXProject "AdapterPatternDemo" */ = {
			isa = XCConfigurationList;
			buildConfigurations = (
				01884631207A903C001C5F9E /* Debug */,
				01884632207A903C001C5F9E /* Release */,
			);
			defaultConfigurationIsVisible = 0;
			defaultConfigurationName = Release;
		};
		01884633207A903C001C5F9E /* Build configuration list for PBXNativeTarget "AdapterPatternDemo" */ = {
			isa = XCConfigurationList;
			buildConfigurations = (
				01884634207A903C001C5F9E /* Debug */,
				01884635207A903C001C5F9E /* Release */,
			);
			defaultConfigurationIsVisible = 0;
			defaultConfigurationName = Release;
		};
		01884636207A903C001C5F9E /* Build configuration list for PBXNativeTarget "AdapterPatternDemoTests" */ = {
			isa = XCConfigurationList;
			buildConfigurations = (
				01884637207A903C001C5F9E /* Debug */,
				01884638207A903C001C5F9E /* Release */,
			);
			defaultConfigurationIsVisible = 0;
			defaultConfigurationName = Release;
		};
		01884639207A903C001C5F9E /* Build configuration list for PBXNativeTarget "AdapterPatternDemoUITests" */ = {
			isa = XCConfigurationList;
			buildConfigurations = (
				0188463A207A903C001C5F9E /* Debug */,
				0188463B207A903C001C5F9E /* Release */,
			);
			defaultConfigurationIsVisible = 0;
			defaultConfigurationName = Release;
		};
/* End XCConfigurationList section */
	};
	rootObject = 018845FF207A903B001C5F9E /* Project object */;
}
